
Microsoft Visual Studio Solution File, Format Version 12.00
# Visual Studio 14
VisualStudioVersion = 14.0.25420.1
MinimumVisualStudioVersion = 10.0.40219.1
Project("{FAE04EC0-301F-11D3-BF4B-00C04F79EFBC}") = "Simplify", "Simplify\Simplify.csproj", "{9F7856E7-43ED-44C4-8423-8A3A0DA4FA4C}"
EndProject
Project("{FAE04EC0-301F-11D3-BF4B-00C04F79EFBC}") = "SimplifyUi", "SimplifyUi\SimplifyUi.csproj", "{F203A336-E547-4351-8E9D-0037946EA882}"
EndProject
Project("{FAE04EC0-301F-11D3-BF4B-00C04F79EFBC}") = "SimplifyUiComponents", "SimplifyUiComponents\SimplifyUiComponents.csproj", "{839D5617-DCB7-4E79-A52F-C0D7BFBF3817}"
EndProject
Global
	GlobalSection(SolutionConfigurationPlatforms) = preSolution
		Debug|Any CPU = Debug|Any CPU
		Release|Any CPU = Release|Any CPU
	EndGlobalSection
	GlobalSection(ProjectConfigurationPlatforms) = postSolution
		{9F7856E7-43ED-44C4-8423-8A3A0DA4FA4C}.Debug|Any CPU.ActiveCfg = Debug|Any CPU
		{9F7856E7-43ED-44C4-8423-8A3A0DA4FA4C}.Debug|Any CPU.Build.0 = Debug|Any CPU
		{9F7856E7-43ED-44C4-8423-8A3A0DA4FA4C}.Release|Any CPU.ActiveCfg = Release|Any CPU
		{9F7856E7-43ED-44C4-8423-8A3A0DA4FA4C}.Release|Any CPU.Build.0 = Release|Any CPU
		{F203A336-E547-4351-8E9D-0037946EA882}.Debug|Any CPU.ActiveCfg = Debug|Any CPU
		{F203A336-E547-4351-8E9D-0037946EA882}.Debug|Any CPU.Build.0 = Debug|Any CPU
		{F203A336-E547-4351-8E9D-0037946EA882}.Release|Any CPU.ActiveCfg = Release|Any CPU
		{F203A336-E547-4351-8E9D-0037946EA882}.Release|Any CPU.Build.0 = Release|Any CPU
		{839D5617-DCB7-4E79-A52F-C0D7BFBF3817}.Debug|Any CPU.ActiveCfg = Debug|Any CPU
		{839D5617-DCB7-4E79-A52F-C0D7BFBF3817}.Debug|Any CPU.Build.0 = Debug|Any CPU
		{839D5617-DCB7-4E79-A52F-C0D7BFBF3817}.Release|Any CPU.ActiveCfg = Release|Any CPU
		{839D5617-DCB7-4E79-A52F-C0D7BFBF3817}.Release|Any CPU.Build.0 = Release|Any CPU
	EndGlobalSection
	GlobalSection(SolutionProperties) = preSolution
		HideSolutionNode = FALSE
	EndGlobalSection
EndGlobal
